%{
  "accept": {:hex, :accept, "0.3.5", "b33b127abca7cc948bbe6caa4c263369abf1347cfa9d8e699c6d214660f10cd1", [:rebar3], [], "hexpm", "11b18c220bcc2eab63b5470c038ef10eb6783bcb1fcdb11aa4137defa5ac1bb8"},
  "amqp": {:hex, :amqp, "3.3.0", "056d9f4bac96c3ab5a904b321e70e78b91ba594766a1fc2f32afd9c016d9f43b", [:mix], [{:amqp_client, "~> 3.9", [hex: :amqp_client, repo: "hexpm", optional: false]}], "hexpm", "8d3ae139d2646c630d674a1b8d68c7f85134f9e8b2a1c3dd5621616994b10a8b"},
  "amqp_client": {:hex, :amqp_client, "3.12.13", "6fc6a7c681e53fed4cbd3f5bcdda342a2b46976345e460ef85414c63698cfe70", [:make, :rebar3], [{:credentials_obfuscation, "3.4.0", [hex: :credentials_obfuscation, repo: "hexpm", optional: false]}, {:rabbit_common, "3.12.13", [hex: :rabbit_common, repo: "hexpm", optional: false]}], "hexpm", "76f41bff0792193f00e0062128db51eb68bcee0eb8236139247a7d1866438d03"},
  "artificery": {:hex, :artificery, "0.4.3", "0bc4260f988dcb9dda4b23f9fc3c6c8b99a6220a331534fdf5bf2fd0d4333b02", [:mix], [], "hexpm", "12e95333a30e20884e937abdbefa3e7f5e05609c2ba8cf37b33f000b9ffc0504"},
  "bamboo": {:hex, :bamboo, "2.2.0", "f10a406d2b7f5123eb1f02edfa043c259db04b47ab956041f279eaac776ef5ce", [:mix], [{:hackney, ">= 1.15.2", [hex: :hackney, repo: "hexpm", optional: false]}, {:jason, "~> 1.0", [hex: :jason, repo: "hexpm", optional: true]}, {:mime, "~> 1.4", [hex: :mime, repo: "hexpm", optional: false]}, {:plug, "~> 1.0", [hex: :plug, repo: "hexpm", optional: false]}], "hexpm", "8c3b14ba7d2f40cb4be04128ed1e2aff06d91d9413d38bafb4afccffa3ade4fc"},
  "bamboo_smtp": {:hex, :bamboo_smtp, "4.2.2", "e9f57a2300df9cb496c48751bd7668a86a2b89aa2e79ccaa34e0c46a5f64c3ae", [:mix], [{:bamboo, "~> 2.2.0", [hex: :bamboo, repo: "hexpm", optional: false]}, {:gen_smtp, "~> 1.2.0", [hex: :gen_smtp, repo: "hexpm", optional: false]}], "hexpm", "28cac2ec8adaae02aed663bf68163992891a3b44cfd7ada0bebe3e09bed7207f"},
  "bcrypt_elixir": {:hex, :bcrypt_elixir, "2.3.1", "5114d780459a04f2b4aeef52307de23de961b69e13a5cd98a911e39fda13f420", [:make, :mix], [{:comeonin, "~> 5.3", [hex: :comeonin, repo: "hexpm", optional: false]}, {:elixir_make, "~> 0.6", [hex: :elixir_make, repo: "hexpm", optional: false]}], "hexpm", "42182d5f46764def15bf9af83739e3bf4ad22661b1c34fc3e88558efced07279"},
  "blue_bird": {:hex, :blue_bird, "0.4.2", "2618971f7ceff8dfd586b4de1b4aee77aeef0f038dee017857ab3d52e17400bd", [:mix], [{:jason, "~> 1.1", [hex: :jason, repo: "hexpm", optional: false]}, {:phoenix, ">= 1.3.0", [hex: :phoenix, repo: "hexpm", optional: true]}, {:plug, ">= 1.4.3", [hex: :plug, repo: "hexpm", optional: false]}], "hexpm", "fca35c52ea262609fcac39ad2749aa810b6a070640de0aa8a3ae1581dffd9ad5"},
  "bunt": {:hex, :bunt, "1.0.0", "081c2c665f086849e6d57900292b3a161727ab40431219529f13c4ddcf3e7a44", [:mix], [], "hexpm", "dc5f86aa08a5f6fa6b8096f0735c4e76d54ae5c9fa2c143e5a1fc7c1cd9bb6b5"},
  "castore": {:hex, :castore, "0.1.22", "4127549e411bedd012ca3a308dede574f43819fe9394254ca55ab4895abfa1a2", [:mix], [], "hexpm", "c17576df47eb5aa1ee40cc4134316a99f5cad3e215d5c77b8dd3cfef12a22cac"},
  "certifi": {:hex, :certifi, "2.12.0", "2d1cca2ec95f59643862af91f001478c9863c2ac9cb6e2f89780bfd8de987329", [:rebar3], [], "hexpm", "ee68d85df22e554040cdb4be100f33873ac6051387baf6a8f6ce82272340ff1c"},
  "combine": {:hex, :combine, "0.10.0", "eff8224eeb56498a2af13011d142c5e7997a80c8f5b97c499f84c841032e429f", [:mix], [], "hexpm", "1b1dbc1790073076580d0d1d64e42eae2366583e7aecd455d1215b0d16f2451b"},
  "comeonin": {:hex, :comeonin, "5.4.0", "246a56ca3f41d404380fc6465650ddaa532c7f98be4bda1b4656b3a37cc13abe", [:mix], [], "hexpm", "796393a9e50d01999d56b7b8420ab0481a7538d0caf80919da493b4a6e51faf1"},
  "conv_case": {:hex, :conv_case, "0.2.3", "c1455c27d3c1ffcdd5f17f1e91f40b8a0bc0a337805a6e8302f441af17118ed8", [:mix], [], "hexpm", "88f29a3d97d1742f9865f7e394ed3da011abb7c5e8cc104e676fdef6270d4b4a"},
  "cors_plug": {:hex, :cors_plug, "2.0.3", "316f806d10316e6d10f09473f19052d20ba0a0ce2a1d910ddf57d663dac402ae", [:mix], [{:plug, "~> 1.8", [hex: :plug, repo: "hexpm", optional: false]}], "hexpm", "ee4ae1418e6ce117fc42c2ba3e6cbdca4e95ecd2fe59a05ec6884ca16d469aea"},
  "cowboy": {:hex, :cowboy, "2.10.0", "ff9ffeff91dae4ae270dd975642997afe2a1179d94b1887863e43f681a203e26", [:make, :rebar3], [{:cowlib, "2.12.1", [hex: :cowlib, repo: "hexpm", optional: false]}, {:ranch, "1.8.0", [hex: :ranch, repo: "hexpm", optional: false]}], "hexpm", "3afdccb7183cc6f143cb14d3cf51fa00e53db9ec80cdcd525482f5e99bc41d6b"},
  "cowboy_telemetry": {:hex, :cowboy_telemetry, "0.4.0", "f239f68b588efa7707abce16a84d0d2acf3a0f50571f8bb7f56a15865aae820c", [:rebar3], [{:cowboy, "~> 2.7", [hex: :cowboy, repo: "hexpm", optional: false]}, {:telemetry, "~> 1.0", [hex: :telemetry, repo: "hexpm", optional: false]}], "hexpm", "7d98bac1ee4565d31b62d59f8823dfd8356a169e7fcbb83831b8a5397404c9de"},
  "cowlib": {:hex, :cowlib, "2.12.1", "a9fa9a625f1d2025fe6b462cb865881329b5caff8f1854d1cbc9f9533f00e1e1", [:make, :rebar3], [], "hexpm", "163b73f6367a7341b33c794c4e88e7dbfe6498ac42dcd69ef44c5bc5507c8db0"},
  "credentials_obfuscation": {:hex, :credentials_obfuscation, "3.4.0", "34e18b126b3aefd6e8143776fbe1ceceea6792307c99ac5ee8687911f048cfd7", [:rebar3], [], "hexpm", "738ace0ed5545d2710d3f7383906fc6f6b582d019036e5269c4dbd85dbced566"},
  "credo": {:hex, :credo, "1.7.5", "643213503b1c766ec0496d828c90c424471ea54da77c8a168c725686377b9545", [:mix], [{:bunt, "~> 0.2.1 or ~> 1.0", [hex: :bunt, repo: "hexpm", optional: false]}, {:file_system, "~> 0.2 or ~> 1.0", [hex: :file_system, repo: "hexpm", optional: false]}, {:jason, "~> 1.0", [hex: :jason, repo: "hexpm", optional: false]}], "hexpm", "f799e9b5cd1891577d8c773d245668aa74a2fcd15eb277f51a0131690ebfb3fd"},
  "db_connection": {:hex, :db_connection, "2.6.0", "77d835c472b5b67fc4f29556dee74bf511bbafecdcaf98c27d27fa5918152086", [:mix], [{:telemetry, "~> 0.4 or ~> 1.0", [hex: :telemetry, repo: "hexpm", optional: false]}], "hexpm", "c2f992d15725e721ec7fbc1189d4ecdb8afef76648c746a8e1cad35e3b8a35f3"},
  "decimal": {:hex, :decimal, "2.1.1", "5611dca5d4b2c3dd497dec8f68751f1f1a54755e8ed2a966c2633cf885973ad6", [:mix], [], "hexpm", "53cfe5f497ed0e7771ae1a475575603d77425099ba5faef9394932b35020ffcc"},
  "distillery": {:hex, :distillery, "2.1.1", "f9332afc2eec8a1a2b86f22429e068ef35f84a93ea1718265e740d90dd367814", [:mix], [{:artificery, "~> 0.2", [hex: :artificery, repo: "hexpm", optional: false]}], "hexpm", "bbc7008b0161a6f130d8d903b5b3232351fccc9c31a991f8fcbf2a12ace22995"},
  "ecto": {:hex, :ecto, "3.11.2", "e1d26be989db350a633667c5cda9c3d115ae779b66da567c68c80cfb26a8c9ee", [:mix], [{:decimal, "~> 2.0", [hex: :decimal, repo: "hexpm", optional: false]}, {:jason, "~> 1.0", [hex: :jason, repo: "hexpm", optional: true]}, {:telemetry, "~> 0.4 or ~> 1.0", [hex: :telemetry, repo: "hexpm", optional: false]}], "hexpm", "3c38bca2c6f8d8023f2145326cc8a80100c3ffe4dcbd9842ff867f7fc6156c65"},
  "ecto_enum": {:hex, :ecto_enum, "1.4.0", "d14b00e04b974afc69c251632d1e49594d899067ee2b376277efd8233027aec8", [:mix], [{:ecto, ">= 3.0.0", [hex: :ecto, repo: "hexpm", optional: false]}, {:ecto_sql, "> 3.0.0", [hex: :ecto_sql, repo: "hexpm", optional: false]}, {:mariaex, ">= 0.0.0", [hex: :mariaex, repo: "hexpm", optional: true]}, {:postgrex, ">= 0.0.0", [hex: :postgrex, repo: "hexpm", optional: true]}], "hexpm", "8fb55c087181c2b15eee406519dc22578fa60dd82c088be376d0010172764ee4"},
  "ecto_sql": {:hex, :ecto_sql, "3.11.1", "e9abf28ae27ef3916b43545f9578b4750956ccea444853606472089e7d169470", [:mix], [{:db_connection, "~> 2.5 or ~> 2.4.1", [hex: :db_connection, repo: "hexpm", optional: false]}, {:ecto, "~> 3.11.0", [hex: :ecto, repo: "hexpm", optional: false]}, {:myxql, "~> 0.6.0", [hex: :myxql, repo: "hexpm", optional: true]}, {:postgrex, "~> 0.16.0 or ~> 0.17.0 or ~> 1.0", [hex: :postgrex, repo: "hexpm", optional: true]}, {:tds, "~> 2.1.1 or ~> 2.2", [hex: :tds, repo: "hexpm", optional: true]}, {:telemetry, "~> 0.4.0 or ~> 1.0", [hex: :telemetry, repo: "hexpm", optional: false]}], "hexpm", "ce14063ab3514424276e7e360108ad6c2308f6d88164a076aac8a387e1fea634"},
  "elixir_make": {:hex, :elixir_make, "0.8.3", "d38d7ee1578d722d89b4d452a3e36bcfdc644c618f0d063b874661876e708683", [:mix], [{:castore, "~> 0.1 or ~> 1.0", [hex: :castore, repo: "hexpm", optional: true]}, {:certifi, "~> 2.0", [hex: :certifi, repo: "hexpm", optional: true]}], "hexpm", "5c99a18571a756d4af7a4d89ca75c28ac899e6103af6f223982f09ce44942cc9"},
  "ex_aws": {:hex, :ex_aws, "2.5.3", "9c2d05ba0c057395b12c7b5ca6267d14cdaec1d8e65bdf6481fe1fd245accfb4", [:mix], [{:configparser_ex, "~> 4.0", [hex: :configparser_ex, repo: "hexpm", optional: true]}, {:hackney, "~> 1.16", [hex: :hackney, repo: "hexpm", optional: true]}, {:jason, "~> 1.1", [hex: :jason, repo: "hexpm", optional: true]}, {:jsx, "~> 2.8 or ~> 3.0", [hex: :jsx, repo: "hexpm", optional: true]}, {:mime, "~> 1.2 or ~> 2.0", [hex: :mime, repo: "hexpm", optional: false]}, {:sweet_xml, "~> 0.7", [hex: :sweet_xml, repo: "hexpm", optional: true]}, {:telemetry, "~> 0.4.3 or ~> 1.0", [hex: :telemetry, repo: "hexpm", optional: false]}], "hexpm", "67115f1d399d7ec4d191812ee565c6106cb4b1bbf19a9d4db06f265fd87da97e"},
  "ex_aws_s3": {:hex, :ex_aws_s3, "2.5.3", "422468e5c3e1a4da5298e66c3468b465cfd354b842e512cb1f6fbbe4e2f5bdaf", [:mix], [{:ex_aws, "~> 2.0", [hex: :ex_aws, repo: "hexpm", optional: false]}, {:sweet_xml, ">= 0.0.0", [hex: :sweet_xml, repo: "hexpm", optional: true]}], "hexpm", "4f09dd372cc386550e484808c5ac5027766c8d0cd8271ccc578b82ee6ef4f3b8"},
  "ex_imdb_sniffer": {:hex, :ex_imdb_sniffer, "0.1.3", "bbcbe25a925efa31f4cbfb2398e61c4a3c357894996bdb742973424cb6399e21", [:mix], [{:floki, "~> 0.21", [hex: :floki, repo: "hexpm", optional: false]}, {:httpotion, "~> 3.1", [hex: :httpotion, repo: "hexpm", optional: false]}, {:jason, "~> 1.1", [hex: :jason, repo: "hexpm", optional: false]}], "hexpm", "00ac1f6e0e2a49df6d68925e71c832aa29b17ed2c38dcbcab5f43943129f6581"},
  "ex_json_schema": {:hex, :ex_json_schema, "0.10.2", "7c4b8c1481fdeb1741e2ce66223976edfb9bccebc8014f6aec35d4efe964fb71", [:mix], [{:decimal, "~> 2.0", [hex: :decimal, repo: "hexpm", optional: false]}], "hexpm", "37f43be60f8407659d4d0155a7e45e7f406dab1f827051d3d35858a709baf6a6"},
  "ex_mock": {:hex, :ex_mock, "0.1.1", "b123b42b942bbdfce2f978aaa1fe1c28ceda324cacd2d8f881e74b548bec6d9c", [:mix], [{:meck, "~> 0.8.2", [hex: :meck, repo: "hexpm", optional: false]}], "hexpm", "3e1d52efaee5adecc49cb96c7d75c4382e22abedee4e3e4ed849b54f45f6baab"},
  "excoveralls": {:hex, :excoveralls, "0.16.1", "0bd42ed05c7d2f4d180331a20113ec537be509da31fed5c8f7047ce59ee5a7c5", [:mix], [{:hackney, "~> 1.16", [hex: :hackney, repo: "hexpm", optional: false]}, {:jason, "~> 1.0", [hex: :jason, repo: "hexpm", optional: false]}], "hexpm", "dae763468e2008cf7075a64cb1249c97cb4bc71e236c5c2b5e5cdf1cfa2bf138"},
  "expo": {:hex, :expo, "0.4.1", "1c61d18a5df197dfda38861673d392e642649a9cef7694d2f97a587b2cfb319b", [:mix], [], "hexpm", "2ff7ba7a798c8c543c12550fa0e2cbc81b95d4974c65855d8d15ba7b37a1ce47"},
  "fake_server": {:hex, :fake_server, "2.1.0", "aefed08a587e2498fdb39ac9de6f9eabbe7bd83da9801d08d3574d61b7eb03d5", [:mix], [{:cowboy, "~> 2.5", [hex: :cowboy, repo: "hexpm", optional: false]}, {:poison, ">= 1.0.0", [hex: :poison, repo: "hexpm", optional: false]}], "hexpm", "3200d57a523b27d2c8ebfc1a80b76697b3c8a06bf9d678d82114f5f98d350c75"},
  "file_system": {:hex, :file_system, "1.0.0", "b689cc7dcee665f774de94b5a832e578bd7963c8e637ef940cd44327db7de2cd", [:mix], [], "hexpm", "6752092d66aec5a10e662aefeed8ddb9531d79db0bc145bb8c40325ca1d8536d"},
  "floki": {:hex, :floki, "0.36.1", "712b7f2ba19a4d5a47dfe3e74d81876c95bbcbee44fe551f0af3d2a388abb3da", [:mix], [], "hexpm", "21ba57abb8204bcc70c439b423fc0dd9f0286de67dc82773a14b0200ada0995f"},
  "gen_smtp": {:hex, :gen_smtp, "1.2.0", "9cfc75c72a8821588b9b9fe947ae5ab2aed95a052b81237e0928633a13276fd3", [:rebar3], [{:ranch, ">= 1.8.0", [hex: :ranch, repo: "hexpm", optional: false]}], "hexpm", "5ee0375680bca8f20c4d85f58c2894441443a743355430ff33a783fe03296779"},
  "gettext": {:hex, :gettext, "0.23.1", "821e619a240e6000db2fc16a574ef68b3bd7fe0167ccc264a81563cc93e67a31", [:mix], [{:expo, "~> 0.4.0", [hex: :expo, repo: "hexpm", optional: false]}], "hexpm", "19d744a36b809d810d610b57c27b934425859d158ebd56561bc41f7eeb8795db"},
  "goldrush": {:hex, :goldrush, "0.1.9", "f06e5d5f1277da5c413e84d5a2924174182fb108dabb39d5ec548b27424cd106", [:rebar3], [], "hexpm", "99cb4128cffcb3227581e5d4d803d5413fa643f4eb96523f77d9e6937d994ceb"},
  "hackney": {:hex, :hackney, "1.20.1", "8d97aec62ddddd757d128bfd1df6c5861093419f8f7a4223823537bad5d064e2", [:rebar3], [{:certifi, "~>2.12.0", [hex: :certifi, repo: "hexpm", optional: false]}, {:idna, "~>6.1.0", [hex: :idna, repo: "hexpm", optional: false]}, {:metrics, "~>1.0.0", [hex: :metrics, repo: "hexpm", optional: false]}, {:mimerl, "~>1.1", [hex: :mimerl, repo: "hexpm", optional: false]}, {:parse_trans, "3.4.1", [hex: :parse_trans, repo: "hexpm", optional: false]}, {:ssl_verify_fun, "~>1.1.0", [hex: :ssl_verify_fun, repo: "hexpm", optional: false]}, {:unicode_util_compat, "~>0.7.0", [hex: :unicode_util_compat, repo: "hexpm", optional: false]}], "hexpm", "fe9094e5f1a2a2c0a7d10918fee36bfec0ec2a979994cff8cfe8058cd9af38e3"},
  "httpoison": {:hex, :httpoison, "1.8.2", "9eb9c63ae289296a544842ef816a85d881d4a31f518a0fec089aaa744beae290", [:mix], [{:hackney, "~> 1.17", [hex: :hackney, repo: "hexpm", optional: false]}], "hexpm", "2bb350d26972e30c96e2ca74a1aaf8293d61d0742ff17f01e0279fef11599921"},
  "httpotion": {:hex, :httpotion, "3.2.0", "007c81c3a15b4860c893dea858eab2ce859a260b47071e85dcf9611a4226324e", [:mix], [{:ibrowse, "== 4.4.0", [hex: :ibrowse, repo: "hexpm", optional: false]}, {:ssl_verify_fun, "~> 1.1", [hex: :ssl_verify_fun, repo: "hexpm", optional: false]}], "hexpm", "726b3fdfc47d7f15302dac5f6a4152a5002fe8230dee8bdd65b8d154b573580b"},
  "ibrowse": {:hex, :ibrowse, "4.4.0", "2d923325efe0d2cb09b9c6a047b2835a5eda69d8a47ed6ff8bc03628b764e991", [:rebar3], [], "hexpm", "6a8e5988872086f0506bef68311493551ac5beae7c06ba2a00d5e9f97a60f1c2"},
  "idna": {:hex, :idna, "6.1.1", "8a63070e9f7d0c62eb9d9fcb360a7de382448200fbbd1b106cc96d3d8099df8d", [:rebar3], [{:unicode_util_compat, "~>0.7.0", [hex: :unicode_util_compat, repo: "hexpm", optional: false]}], "hexpm", "92376eb7894412ed19ac475e4a86f7b413c1b9fbb5bd16dccd57934157944cea"},
  "jason": {:hex, :jason, "1.4.1", "af1504e35f629ddcdd6addb3513c3853991f694921b1b9368b0bd32beb9f1b63", [:mix], [{:decimal, "~> 1.0 or ~> 2.0", [hex: :decimal, repo: "hexpm", optional: true]}], "hexpm", "fbb01ecdfd565b56261302f7e1fcc27c4fb8f32d56eab74db621fc154604a7a1"},
  "json": {:hex, :json, "1.4.1", "8648f04a9439765ad449bc56a3ff7d8b11dd44ff08ffcdefc4329f7c93843dfa", [:mix], [], "hexpm", "9abf218dbe4ea4fcb875e087d5f904ef263d012ee5ed21d46e9dbca63f053d16"},
  "json_xema": {:hex, :json_xema, "0.6.2", "2af74c57f3f8dff8b74502d69d53f1ae7b6b236b477f30871c415ea8377a4c72", [:mix], [{:conv_case, "~> 0.2", [hex: :conv_case, repo: "hexpm", optional: false]}, {:xema, "~> 0.16", [hex: :xema, repo: "hexpm", optional: false]}], "hexpm", "50c84c537c95fcc76677f1f030af4aed188f538820fc488aeaa3f7dfe04d0edf"},
  "lager": {:hex, :lager, "3.8.0", "3402b9a7e473680ca179fc2f1d827cab88dd37dd1e6113090c6f45ef05228a1c", [:rebar3], [{:goldrush, "0.1.9", [hex: :goldrush, repo: "hexpm", optional: false]}], "hexpm", "f6cb541b688eab60730d8d286eb77256a5a9ad06eac10d43beaf55d07e68bbb6"},
  "libvault": {:hex, :libvault, "0.2.4", "3d9a999c222a2d9b8666ef1dbd067f30c9ecead6be27367f84af7ffde7813ee1", [:mix], [{:castore, "~> 0.1", [hex: :castore, repo: "hexpm", optional: true]}, {:hackney, "~> 1.6", [hex: :hackney, repo: "hexpm", optional: true]}, {:ibrowse, "~> 4.4.0", [hex: :ibrowse, repo: "hexpm", optional: true]}, {:mint, "~> 1.0", [hex: :mint, repo: "hexpm", optional: true]}, {:tesla, "~> 1.3", [hex: :tesla, repo: "hexpm", optional: true]}], "hexpm", "f495afb2b99464b8c1dccccf59744afb361169ca1fc67ba48e71ed35a00315f0"},
  "meck": {:hex, :meck, "0.8.13", "ffedb39f99b0b99703b8601c6f17c7f76313ee12de6b646e671e3188401f7866", [:rebar3], [], "hexpm", "d34f013c156db51ad57cc556891b9720e6a1c1df5fe2e15af999c84d6cebeb1a"},
  "metrics": {:hex, :metrics, "1.0.1", "25f094dea2cda98213cecc3aeff09e940299d950904393b2a29d191c346a8486", [:rebar3], [], "hexpm", "69b09adddc4f74a40716ae54d140f93beb0fb8978d8636eaded0c31b6f099f16"},
  "mime": {:hex, :mime, "1.6.0", "dabde576a497cef4bbdd60aceee8160e02a6c89250d6c0b29e56c0dfb00db3d2", [:mix], [], "hexpm", "31a1a8613f8321143dde1dafc36006a17d28d02bdfecb9e95a880fa7aabd19a7"},
  "mimerl": {:hex, :mimerl, "1.2.0", "67e2d3f571088d5cfd3e550c383094b47159f3eee8ffa08e64106cdf5e981be3", [:rebar3], [], "hexpm", "f278585650aa581986264638ebf698f8bb19df297f66ad91b18910dfc6e19323"},
  "mix_audit": {:hex, :mix_audit, "1.0.1", "9dd114408961b8db214f42fee40b2f632ecd7e4fd29500403068c82c77db8361", [:make, :mix], [{:jason, "~> 1.1", [hex: :jason, repo: "hexpm", optional: false]}, {:yaml_elixir, "~> 2.8.0", [hex: :yaml_elixir, repo: "hexpm", optional: false]}], "hexpm", "65066bb7757078aa49faaa2f7c1e2d52f56ff6fe6cff01723dbaf5be2a75771b"},
  "open_api_spex": {:hex, :open_api_spex, "3.18.3", "fefb84fe323cacfc92afdd0ecb9e89bc0261ae00b7e3167ffc2028ce3944de42", [:mix], [{:jason, "~> 1.0", [hex: :jason, repo: "hexpm", optional: true]}, {:plug, "~> 1.7", [hex: :plug, repo: "hexpm", optional: false]}, {:poison, "~> 3.0 or ~> 4.0 or ~> 5.0", [hex: :poison, repo: "hexpm", optional: true]}, {:ymlr, "~> 2.0 or ~> 3.0 or ~> 4.0 or ~> 5.0", [hex: :ymlr, repo: "hexpm", optional: true]}], "hexpm", "c0cfc31570199ce7e7520b494a591027da609af45f6bf9adce51e2469b1609fb"},
  "parse_trans": {:hex, :parse_trans, "3.4.1", "6e6aa8167cb44cc8f39441d05193be6e6f4e7c2946cb2759f015f8c56b76e5ff", [:rebar3], [], "hexpm", "620a406ce75dada827b82e453c19cf06776be266f5a67cff34e1ef2cbb60e49a"},
  "phauxth": {:hex, :phauxth, "2.5.1", "8e51dda50e00afa8becb884a884973e5d6808b46d5aa186ccf289d4d07a4e83e", [:mix], [{:argon2_elixir, "~> 2.4", [hex: :argon2_elixir, repo: "hexpm", optional: true]}, {:plug, "~> 1.11", [hex: :plug, repo: "hexpm", optional: false]}], "hexpm", "35c55e643c247d4c5eebc68caded2b005675d98ea029ef4dfe762932514a5879"},
  "phoenix": {:hex, :phoenix, "1.7.11", "1d88fc6b05ab0c735b250932c4e6e33bfa1c186f76dcf623d8dd52f07d6379c7", [:mix], [{:castore, ">= 0.0.0", [hex: :castore, repo: "hexpm", optional: false]}, {:jason, "~> 1.0", [hex: :jason, repo: "hexpm", optional: true]}, {:phoenix_pubsub, "~> 2.1", [hex: :phoenix_pubsub, repo: "hexpm", optional: false]}, {:phoenix_template, "~> 1.0", [hex: :phoenix_template, repo: "hexpm", optional: false]}, {:phoenix_view, "~> 2.0", [hex: :phoenix_view, repo: "hexpm", optional: true]}, {:plug, "~> 1.14", [hex: :plug, repo: "hexpm", optional: false]}, {:plug_cowboy, "~> 2.7", [hex: :plug_cowboy, repo: "hexpm", optional: true]}, {:plug_crypto, "~> 1.2 or ~> 2.0", [hex: :plug_crypto, repo: "hexpm", optional: false]}, {:telemetry, "~> 0.4 or ~> 1.0", [hex: :telemetry, repo: "hexpm", optional: false]}, {:websock_adapter, "~> 0.5.3", [hex: :websock_adapter, repo: "hexpm", optional: false]}], "hexpm", "b1ec57f2e40316b306708fe59b92a16b9f6f4bf50ccfa41aa8c7feb79e0ec02a"},
  "phoenix_ecto": {:hex, :phoenix_ecto, "4.5.1", "6fdbc334ea53620e71655664df6f33f670747b3a7a6c4041cdda3e2c32df6257", [:mix], [{:ecto, "~> 3.5", [hex: :ecto, repo: "hexpm", optional: false]}, {:phoenix_html, "~> 2.14.2 or ~> 3.0 or ~> 4.1", [hex: :phoenix_html, repo: "hexpm", optional: true]}, {:plug, "~> 1.9", [hex: :plug, repo: "hexpm", optional: false]}], "hexpm", "ebe43aa580db129e54408e719fb9659b7f9e0d52b965c5be26cdca416ecead28"},
  "phoenix_html": {:hex, :phoenix_html, "3.3.3", "380b8fb45912b5638d2f1d925a3771b4516b9a78587249cabe394e0a5d579dc9", [:mix], [{:plug, "~> 1.5", [hex: :plug, repo: "hexpm", optional: true]}], "hexpm", "923ebe6fec6e2e3b3e569dfbdc6560de932cd54b000ada0208b5f45024bdd76c"},
  "phoenix_live_reload": {:hex, :phoenix_live_reload, "1.5.3", "f2161c207fda0e4fb55165f650f7f8db23f02b29e3bff00ff7ef161d6ac1f09d", [:mix], [{:file_system, "~> 0.3 or ~> 1.0", [hex: :file_system, repo: "hexpm", optional: false]}, {:phoenix, "~> 1.4", [hex: :phoenix, repo: "hexpm", optional: false]}], "hexpm", "b4ec9cd73cb01ff1bd1cac92e045d13e7030330b74164297d1aee3907b54803c"},
  "phoenix_pubsub": {:hex, :phoenix_pubsub, "2.1.3", "3168d78ba41835aecad272d5e8cd51aa87a7ac9eb836eabc42f6e57538e3731d", [:mix], [], "hexpm", "bba06bc1dcfd8cb086759f0edc94a8ba2bc8896d5331a1e2c2902bf8e36ee502"},
  "phoenix_template": {:hex, :phoenix_template, "1.0.4", "e2092c132f3b5e5b2d49c96695342eb36d0ed514c5b252a77048d5969330d639", [:mix], [{:phoenix_html, "~> 2.14.2 or ~> 3.0 or ~> 4.0", [hex: :phoenix_html, repo: "hexpm", optional: true]}], "hexpm", "2c0c81f0e5c6753faf5cca2f229c9709919aba34fab866d3bc05060c9c444206"},
  "phoenix_view": {:hex, :phoenix_view, "2.0.3", "4d32c4817fce933693741deeb99ef1392619f942633dde834a5163124813aad3", [:mix], [{:phoenix_html, "~> 2.14.2 or ~> 3.0 or ~> 4.0", [hex: :phoenix_html, repo: "hexpm", optional: true]}, {:phoenix_template, "~> 1.0", [hex: :phoenix_template, repo: "hexpm", optional: false]}], "hexpm", "cd34049af41be2c627df99cd4eaa71fc52a328c0c3d8e7d4aa28f880c30e7f64"},
  "plug": {:hex, :plug, "1.15.3", "712976f504418f6dff0a3e554c40d705a9bcf89a7ccef92fc6a5ef8f16a30a97", [:mix], [{:mime, "~> 1.0 or ~> 2.0", [hex: :mime, repo: "hexpm", optional: false]}, {:plug_crypto, "~> 1.1.1 or ~> 1.2 or ~> 2.0", [hex: :plug_crypto, repo: "hexpm", optional: false]}, {:telemetry, "~> 0.4.3 or ~> 1.0", [hex: :telemetry, repo: "hexpm", optional: false]}], "hexpm", "cc4365a3c010a56af402e0809208873d113e9c38c401cabd88027ef4f5c01fd2"},
  "plug_cowboy": {:hex, :plug_cowboy, "2.7.1", "87677ffe3b765bc96a89be7960f81703223fe2e21efa42c125fcd0127dd9d6b2", [:mix], [{:cowboy, "~> 2.7", [hex: :cowboy, repo: "hexpm", optional: false]}, {:cowboy_telemetry, "~> 0.3", [hex: :cowboy_telemetry, repo: "hexpm", optional: false]}, {:plug, "~> 1.14", [hex: :plug, repo: "hexpm", optional: false]}], "hexpm", "02dbd5f9ab571b864ae39418db7811618506256f6d13b4a45037e5fe78dc5de3"},
  "plug_crypto": {:hex, :plug_crypto, "2.0.0", "77515cc10af06645abbfb5e6ad7a3e9714f805ae118fa1a70205f80d2d70fe73", [:mix], [], "hexpm", "53695bae57cc4e54566d993eb01074e4d894b65a3766f1c43e2c61a1b0f45ea9"},
  "poison": {:hex, :poison, "5.0.0", "d2b54589ab4157bbb82ec2050757779bfed724463a544b6e20d79855a9e43b24", [:mix], [{:decimal, "~> 2.0", [hex: :decimal, repo: "hexpm", optional: true]}], "hexpm", "11dc6117c501b80c62a7594f941d043982a1bd05a1184280c0d9166eb4d8d3fc"},
  "postgrex": {:hex, :postgrex, "0.17.5", "0483d054938a8dc069b21bdd636bf56c487404c241ce6c319c1f43588246b281", [:mix], [{:db_connection, "~> 2.1", [hex: :db_connection, repo: "hexpm", optional: false]}, {:decimal, "~> 1.5 or ~> 2.0", [hex: :decimal, repo: "hexpm", optional: false]}, {:jason, "~> 1.0", [hex: :jason, repo: "hexpm", optional: true]}, {:table, "~> 0.1.0", [hex: :table, repo: "hexpm", optional: true]}], "hexpm", "50b8b11afbb2c4095a3ba675b4f055c416d0f3d7de6633a595fc131a828a67eb"},
  "prometheus": {:hex, :prometheus, "4.11.0", "b95f8de8530f541bd95951e18e355a840003672e5eda4788c5fa6183406ba29a", [:mix, :rebar3], [{:quantile_estimator, "~> 0.2.1", [hex: :quantile_estimator, repo: "hexpm", optional: false]}], "hexpm", "719862351aabf4df7079b05dc085d2bbcbe3ac0ac3009e956671b1d5ab88247d"},
  "prometheus_ex": {:hex, :prometheus_ex, "3.1.0", "98bdb1e9aea5001bc5f58752259d832447c06dd335cb246e89b497e2c4ec7de6", [:mix], [{:prometheus, "~> 4.0", [hex: :prometheus, repo: "hexpm", optional: false]}], "hexpm", "bc584d33aabae94ce75d477eb66c7178755b45a09afb7addb253d90eb66021de"},
  "prometheus_plugs": {:hex, :prometheus_plugs, "1.1.5", "25933d48f8af3a5941dd7b621c889749894d8a1082a6ff7c67cc99dec26377c5", [:mix], [{:accept, "~> 0.1", [hex: :accept, repo: "hexpm", optional: false]}, {:plug, "~> 1.0", [hex: :plug, repo: "hexpm", optional: false]}, {:prometheus_ex, "~> 1.1 or ~> 2.0 or ~> 3.0", [hex: :prometheus_ex, repo: "hexpm", optional: false]}, {:prometheus_process_collector, "~> 1.1", [hex: :prometheus_process_collector, repo: "hexpm", optional: true]}], "hexpm", "0273a6483ccb936d79ca19b0ab629aef0dba958697c94782bb728b920dfc6a79"},
  "quantile_estimator": {:hex, :quantile_estimator, "0.2.1", "ef50a361f11b5f26b5f16d0696e46a9e4661756492c981f7b2229ef42ff1cd15", [:rebar3], [], "hexpm", "282a8a323ca2a845c9e6f787d166348f776c1d4a41ede63046d72d422e3da946"},
  "rabbit_common": {:hex, :rabbit_common, "3.12.13", "a163432b377411d6033344d5f6a8b12443d67c897c9374b9738cc609cab3161c", [:make, :rebar3], [{:credentials_obfuscation, "3.4.0", [hex: :credentials_obfuscation, repo: "hexpm", optional: false]}, {:recon, "2.5.3", [hex: :recon, repo: "hexpm", optional: false]}, {:thoas, "1.0.0", [hex: :thoas, repo: "hexpm", optional: false]}], "hexpm", "26a400f76976e66efd9cdab29a36dd4b129466d431c4e014aae9d2e36fefef44"},
  "ranch": {:hex, :ranch, "1.8.0", "8c7a100a139fd57f17327b6413e4167ac559fbc04ca7448e9be9057311597a1d", [:make, :rebar3], [], "hexpm", "49fbcfd3682fab1f5d109351b61257676da1a2fdbe295904176d5e521a2ddfe5"},
  "recon": {:hex, :recon, "2.5.3", "739107b9050ea683c30e96de050bc59248fd27ec147696f79a8797ff9fa17153", [:mix, :rebar3], [], "hexpm", "6c6683f46fd4a1dfd98404b9f78dcabc7fcd8826613a89dcb984727a8c3099d7"},
  "remote_dockers": {:hex, :remote_dockers, "1.4.0", "8e875148c447d419c89cfa00acd743b25332408c6b3369115618742e144c193c", [:mix], [{:httpoison, "~> 1.3", [hex: :httpoison, repo: "hexpm", optional: false]}, {:jason, "~> 1.1", [hex: :jason, repo: "hexpm", optional: false]}], "hexpm", "fe6a59fdecf42c7913d76385450f93a88571159cd622eb7153f187950a202456"},
  "sigaws": {:hex, :sigaws, "0.7.2", "2b0bcd3979f2ae19337d0a6e52b4b1f37ac3d778201019240e641471a2d36685", [:mix], [], "hexpm", "5d3f3c9a259b052015297b3392800b95a7672c7cf3e878cf88c0d33213ac2e55"},
  "slack": {:hex, :slack, "0.23.5", "f6f756f7038d8e901b58f7c49ff1f5bd43d32f6bbd1ee5950752f17d3ad353bb", [:mix], [{:httpoison, "~> 1.2", [hex: :httpoison, repo: "hexpm", optional: false]}, {:jason, "~> 1.1", [hex: :jason, repo: "hexpm", optional: false]}, {:websocket_client, "~> 1.2.4", [hex: :websocket_client, repo: "hexpm", optional: false]}], "hexpm", "d4f3c9afabd03ce016130ff7cba7d49518c1048ee99a8f9b81eb6f48f5719373"},
  "sobelow": {:hex, :sobelow, "0.13.0", "218afe9075904793f5c64b8837cc356e493d88fddde126a463839351870b8d1e", [:mix], [{:jason, "~> 1.0", [hex: :jason, repo: "hexpm", optional: false]}], "hexpm", "cd6e9026b85fc35d7529da14f95e85a078d9dd1907a9097b3ba6ac7ebbe34a0d"},
  "ssl_verify_fun": {:hex, :ssl_verify_fun, "1.1.7", "354c321cf377240c7b8716899e182ce4890c5938111a1296add3ec74cf1715df", [:make, :mix, :rebar3], [], "hexpm", "fe4c190e8f37401d30167c8c405eda19469f34577987c76dde613e838bbc67f8"},
  "step_flow": {:git, "https://gitlab.com/media-cloud-ai/backend/ex_step_flow.git", "9c493c9c82069dda582c3c29d3c0a75b94da0f42", [branch: "develop"]},
  "telemetry": {:hex, :telemetry, "1.2.1", "68fdfe8d8f05a8428483a97d7aab2f268aaff24b49e0f599faa091f1d4e7f61c", [:rebar3], [], "hexpm", "dad9ce9d8effc621708f99eac538ef1cbe05d6a874dd741de2e689c47feafed5"},
  "tesla": {:hex, :tesla, "1.4.4", "bb89aa0c9745190930366f6a2ac612cdf2d0e4d7fff449861baa7875afd797b2", [:mix], [{:castore, "~> 0.1", [hex: :castore, repo: "hexpm", optional: true]}, {:exjsx, ">= 3.0.0", [hex: :exjsx, repo: "hexpm", optional: true]}, {:finch, "~> 0.3", [hex: :finch, repo: "hexpm", optional: true]}, {:fuse, "~> 2.4", [hex: :fuse, repo: "hexpm", optional: true]}, {:gun, "~> 1.3", [hex: :gun, repo: "hexpm", optional: true]}, {:hackney, "~> 1.6", [hex: :hackney, repo: "hexpm", optional: true]}, {:ibrowse, "4.4.0", [hex: :ibrowse, repo: "hexpm", optional: true]}, {:jason, ">= 1.0.0", [hex: :jason, repo: "hexpm", optional: true]}, {:mime, "~> 1.0 or ~> 2.0", [hex: :mime, repo: "hexpm", optional: false]}, {:mint, "~> 1.0", [hex: :mint, repo: "hexpm", optional: true]}, {:poison, ">= 1.0.0", [hex: :poison, repo: "hexpm", optional: true]}, {:telemetry, "~> 0.4 or ~> 1.0", [hex: :telemetry, repo: "hexpm", optional: true]}], "hexpm", "d5503a49f9dec1b287567ea8712d085947e247cb11b06bc54adb05bfde466457"},
  "thoas": {:hex, :thoas, "1.0.0", "567c03902920827a18a89f05b79a37b5bf93553154b883e0131801600cf02ce0", [:rebar3], [], "hexpm", "fc763185b932ecb32a554fb735ee03c3b6b1b31366077a2427d2a97f3bd26735"},
  "timex": {:hex, :timex, "3.7.11", "bb95cb4eb1d06e27346325de506bcc6c30f9c6dea40d1ebe390b262fad1862d1", [:mix], [{:combine, "~> 0.10", [hex: :combine, repo: "hexpm", optional: false]}, {:gettext, "~> 0.20", [hex: :gettext, repo: "hexpm", optional: false]}, {:tzdata, "~> 1.1", [hex: :tzdata, repo: "hexpm", optional: false]}], "hexpm", "8b9024f7efbabaf9bd7aa04f65cf8dcd7c9818ca5737677c7b76acbc6a94d1aa"},
  "tzdata": {:hex, :tzdata, "1.1.1", "20c8043476dfda8504952d00adac41c6eda23912278add38edc140ae0c5bcc46", [:mix], [{:hackney, "~> 1.17", [hex: :hackney, repo: "hexpm", optional: false]}], "hexpm", "a69cec8352eafcd2e198dea28a34113b60fdc6cb57eb5ad65c10292a6ba89787"},
  "unicode_util_compat": {:hex, :unicode_util_compat, "0.7.0", "bc84380c9ab48177092f43ac89e4dfa2c6d62b40b8bd132b1059ecc7232f9a78", [:rebar3], [], "hexpm", "25eee6d67df61960cf6a794239566599b09e17e668d3700247bc498638152521"},
  "uuid": {:hex, :uuid, "1.1.8", "e22fc04499de0de3ed1116b770c7737779f226ceefa0badb3592e64d5cfb4eb9", [:mix], [], "hexpm", "c790593b4c3b601f5dc2378baae7efaf5b3d73c4c6456ba85759905be792f2ac"},
  "websock": {:hex, :websock, "0.5.3", "2f69a6ebe810328555b6fe5c831a851f485e303a7c8ce6c5f675abeb20ebdadc", [:mix], [], "hexpm", "6105453d7fac22c712ad66fab1d45abdf049868f253cf719b625151460b8b453"},
  "websock_adapter": {:hex, :websock_adapter, "0.5.6", "0437fe56e093fd4ac422de33bf8fc89f7bc1416a3f2d732d8b2c8fd54792fe60", [:mix], [{:bandit, ">= 0.6.0", [hex: :bandit, repo: "hexpm", optional: true]}, {:plug, "~> 1.14", [hex: :plug, repo: "hexpm", optional: false]}, {:plug_cowboy, "~> 2.6", [hex: :plug_cowboy, repo: "hexpm", optional: true]}, {:websock, "~> 0.5", [hex: :websock, repo: "hexpm", optional: false]}], "hexpm", "e04378d26b0af627817ae84c92083b7e97aca3121196679b73c73b99d0d133ea"},
  "websocket_client": {:hex, :websocket_client, "1.2.4", "14ec1ca4b6d247b44ccd9a80af8f6ca98328070f6c1d52a5cb00bc9d939d63b8", [:rebar3], [], "hexpm", "295a79cce15c208e03a545073f1318e97e7780aa9f2415e825cb9e338aecc305"},
  "xema": {:hex, :xema, "0.17.1", "fa83ed90ec7d9a5e38a223ee1f0693cfb8cd3fa0d0c7f7967f828a0643811f10", [:mix], [{:conv_case, "~> 0.2.2", [hex: :conv_case, repo: "hexpm", optional: false]}, {:decimal, "~> 1.0 or ~> 2.0", [hex: :decimal, repo: "hexpm", optional: true]}], "hexpm", "3dd7213309cc8e6d7770ee54de807a0d91cdbdd9dcb78a6f3eee9dbad43889af"},
  "yamerl": {:hex, :yamerl, "0.10.0", "4ff81fee2f1f6a46f1700c0d880b24d193ddb74bd14ef42cb0bcf46e81ef2f8e", [:rebar3], [], "hexpm", "346adb2963f1051dc837a2364e4acf6eb7d80097c0f53cbdc3046ec8ec4b4e6e"},
  "yaml_elixir": {:hex, :yaml_elixir, "2.8.0", "c7ff0034daf57279c2ce902788ce6fdb2445532eb4317e8df4b044209fae6832", [:mix], [{:yamerl, "~> 0.8", [hex: :yamerl, repo: "hexpm", optional: false]}], "hexpm", "4b674bd881e373d1ac6a790c64b2ecb69d1fd612c2af3b22de1619c15473830b"},
}
